# agent-crew 핀 — OpsPilot sync_agent_crew 로 갱신 (이번 건은 수동 동기화)
version: v0.15.0
commit: 3442c07
source: git@github.com:ryu-qqq/agent-crew.git
tag: v0.15.0
syncedAt: "2026-06-08T00:00:00.000Z"
includes:
  - agents/
  - skills/
  - references/
# 비고: tf-import(infra-aws 전용)는 java-spring 프로젝트라 미러 제외. OpsPilot 정식 sync 시 includes 정책에 따라 재조정.
